
Microsoft Visual Studio Solution File, Format Version 12.00
# Visual Studio Version 17
VisualStudioVersion = 17.13.35818.85 d17.13
MinimumVisualStudioVersion = 10.0.40219.1
Project("{FAE04EC0-301F-11D3-BF4B-00C04F79EFBC}") = "bai16_Format_text", "bai16_Format_text\bai16_Format_text.csproj", "{DD88E2F9-4AD2-4011-BD76-F7B3D89AF7DD}"
EndProject
Global
	GlobalSection(SolutionConfigurationPlatforms) = preSolution
		Debug|Any CPU = Debug|Any CPU
		Release|Any CPU = Release|Any CPU
	EndGlobalSection
	GlobalSection(ProjectConfigurationPlatforms) = postSolution
		{DD88E2F9-4AD2-4011-BD76-F7B3D89AF7DD}.Debug|Any CPU.ActiveCfg = Debug|Any CPU
		{DD88E2F9-4AD2-4011-BD76-F7B3D89AF7DD}.Debug|Any CPU.Build.0 = Debug|Any CPU
		{DD88E2F9-4AD2-4011-BD76-F7B3D89AF7DD}.Release|Any CPU.ActiveCfg = Release|Any CPU
		{DD88E2F9-4AD2-4011-BD76-F7B3D89AF7DD}.Release|Any CPU.Build.0 = Release|Any CPU
	EndGlobalSection
	GlobalSection(SolutionProperties) = preSolution
		HideSolutionNode = FALSE
	EndGlobalSection
	GlobalSection(ExtensibilityGlobals) = postSolution
		SolutionGuid = {21A0AB98-30AD-4FAB-948F-38EE7B53C470}
	EndGlobalSection
EndGlobal
